
Microsoft Visual Studio Solution File, Format Version 12.00
# Visual Studio Version 16
VisualStudioVersion = 16.0.31129.286
MinimumVisualStudioVersion = 10.0.40219.1
Project("{2150E333-8FDC-42A3-9474-1A3956D46DE8}") = "src", "src", "{614EA8E6-9C0E-4E19-9340-0C660D6F69C9}"
EndProject
Project("{2150E333-8FDC-42A3-9474-1A3956D46DE8}") = "ApiGateway", "ApiGateway", "{C0BEC6A4-68AB-4291-A60E-424EBE1E3EB3}"
EndProject
Project("{2150E333-8FDC-42A3-9474-1A3956D46DE8}") = "Services", "Services", "{70FE158B-C369-40A1-83F1-32F0087E4D3F}"
EndProject
Project("{2150E333-8FDC-42A3-9474-1A3956D46DE8}") = "WebApp", "WebApp", "{EAD44616-26CB-41A6-9EB5-231E586842B2}"
EndProject
Project("{2150E333-8FDC-42A3-9474-1A3956D46DE8}") = "Product", "Product", "{52A6980A-1FE7-4E73-A334-6DCFDB807C9D}"
EndProject
Project("{2150E333-8FDC-42A3-9474-1A3956D46DE8}") = "Order", "Order", "{30535B84-0D3F-40C9-90E8-0FD06B1BC917}"
EndProject
Project("{2150E333-8FDC-42A3-9474-1A3956D46DE8}") = "Common", "Common", "{BDCD6BB4-A1FD-4516-9119-B942D0B504C6}"
EndProject
Project("{2150E333-8FDC-42A3-9474-1A3956D46DE8}") = "Auction", "Auction", "{7E00E0CF-1C5E-48E0-BC2D-0BF64B20632F}"
EndProject
Project("{FAE04EC0-301F-11D3-BF4B-00C04F79EFBC}") = "EAuction.Products.Api", "EAuction.Products.Api\EAuction.Products.Api.csproj", "{7506FAD3-0309-4301-9070-2D6C5E45B366}"
EndProject
Global
	GlobalSection(SolutionConfigurationPlatforms) = preSolution
		Debug|Any CPU = Debug|Any CPU
		Release|Any CPU = Release|Any CPU
	EndGlobalSection
	GlobalSection(ProjectConfigurationPlatforms) = postSolution
		{7506FAD3-0309-4301-9070-2D6C5E45B366}.Debug|Any CPU.ActiveCfg = Debug|Any CPU
		{7506FAD3-0309-4301-9070-2D6C5E45B366}.Debug|Any CPU.Build.0 = Debug|Any CPU
		{7506FAD3-0309-4301-9070-2D6C5E45B366}.Release|Any CPU.ActiveCfg = Release|Any CPU
		{7506FAD3-0309-4301-9070-2D6C5E45B366}.Release|Any CPU.Build.0 = Release|Any CPU
	EndGlobalSection
	GlobalSection(SolutionProperties) = preSolution
		HideSolutionNode = FALSE
	EndGlobalSection
	GlobalSection(NestedProjects) = preSolution
		{C0BEC6A4-68AB-4291-A60E-424EBE1E3EB3} = {614EA8E6-9C0E-4E19-9340-0C660D6F69C9}
		{70FE158B-C369-40A1-83F1-32F0087E4D3F} = {614EA8E6-9C0E-4E19-9340-0C660D6F69C9}
		{EAD44616-26CB-41A6-9EB5-231E586842B2} = {614EA8E6-9C0E-4E19-9340-0C660D6F69C9}
		{52A6980A-1FE7-4E73-A334-6DCFDB807C9D} = {70FE158B-C369-40A1-83F1-32F0087E4D3F}
		{30535B84-0D3F-40C9-90E8-0FD06B1BC917} = {70FE158B-C369-40A1-83F1-32F0087E4D3F}
		{BDCD6BB4-A1FD-4516-9119-B942D0B504C6} = {70FE158B-C369-40A1-83F1-32F0087E4D3F}
		{7E00E0CF-1C5E-48E0-BC2D-0BF64B20632F} = {70FE158B-C369-40A1-83F1-32F0087E4D3F}
		{7506FAD3-0309-4301-9070-2D6C5E45B366} = {52A6980A-1FE7-4E73-A334-6DCFDB807C9D}
	EndGlobalSection
	GlobalSection(ExtensibilityGlobals) = postSolution
		SolutionGuid = {9149BBF1-8C7B-4B5D-9FBC-9C2B66DDE4A3}
	EndGlobalSection
EndGlobal
