
Microsoft Visual Studio Solution File, Format Version 12.00
# Visual Studio Version 16
VisualStudioVersion = 16.0.31129.286
MinimumVisualStudioVersion = 10.0.40219.1
Project("{2150E333-8FDC-42A3-9474-1A3956D46DE8}") = "src", "src", "{614EA8E6-9C0E-4E19-9340-0C660D6F69C9}"
EndProject
Project("{2150E333-8FDC-42A3-9474-1A3956D46DE8}") = "ApiGateway", "ApiGateway", "{C0BEC6A4-68AB-4291-A60E-424EBE1E3EB3}"
EndProject
Project("{2150E333-8FDC-42A3-9474-1A3956D46DE8}") = "Services", "Services", "{70FE158B-C369-40A1-83F1-32F0087E4D3F}"
EndProject
Project("{2150E333-8FDC-42A3-9474-1A3956D46DE8}") = "WebApp", "WebApp", "{EAD44616-26CB-41A6-9EB5-231E586842B2}"
EndProject
Project("{2150E333-8FDC-42A3-9474-1A3956D46DE8}") = "Product", "Product", "{52A6980A-1FE7-4E73-A334-6DCFDB807C9D}"
EndProject
Project("{2150E333-8FDC-42A3-9474-1A3956D46DE8}") = "Order", "Order", "{30535B84-0D3F-40C9-90E8-0FD06B1BC917}"
EndProject
Project("{2150E333-8FDC-42A3-9474-1A3956D46DE8}") = "Common", "Common", "{BDCD6BB4-A1FD-4516-9119-B942D0B504C6}"
EndProject
Project("{2150E333-8FDC-42A3-9474-1A3956D46DE8}") = "Sourcing", "Sourcing", "{7E00E0CF-1C5E-48E0-BC2D-0BF64B20632F}"
EndProject
Project("{E53339B2-1760-4266-BCC7-CA923CBCF16C}") = "docker-compose", "docker-compose.dcproj", "{F0F92CB5-4A33-42EE-B1AC-BAA3E41D1249}"
EndProject
Project("{9A19103F-16F7-4668-BE54-9A1E7A4F7556}") = "EventBusRabbitMQ", "EventBusRabbitMQ\EventBusRabbitMQ.csproj", "{6354AFF5-D7B3-4598-B02E-87E3A397DD5E}"
EndProject
Project("{9A19103F-16F7-4668-BE54-9A1E7A4F7556}") = "EAuction.Products.Api", "EAuction.Products.Api\EAuction.Products.Api.csproj", "{A02ADD79-BCBE-45C3-B6E4-E4B33138A4CD}"
EndProject
Project("{9A19103F-16F7-4668-BE54-9A1E7A4F7556}") = "EAuction.Sourcing.Api", "EAuction.Sourcing.Api\EAuction.Sourcing.Api.csproj", "{32A9EC9C-309E-4A5C-9DF3-76C197EB03BE}"
EndProject
Project("{9A19103F-16F7-4668-BE54-9A1E7A4F7556}") = "EAuction.Order.WebApi", "EAuction.Order.WebApi\EAuction.Order.WebApi.csproj", "{C5DA3A14-AD50-41E9-920E-29B5B3BC76FB}"
EndProject
Project("{FAE04EC0-301F-11D3-BF4B-00C04F79EFBC}") = "EAuction.Order.Domain", "EAuction.Order.Domain\EAuction.Order.Domain.csproj", "{EA8814CB-9256-4CDD-9357-96637C0736B3}"
EndProject
Project("{FAE04EC0-301F-11D3-BF4B-00C04F79EFBC}") = "EAuction.Order.Application", "EAuction.Order.Application\EAuction.Order.Application.csproj", "{3BCBA1E5-3262-4781-93C0-7458E7C613D0}"
EndProject
Project("{FAE04EC0-301F-11D3-BF4B-00C04F79EFBC}") = "EAuction.Order.Infrastructure", "EAuction.Order.Infrastructure\EAuction.Order.Infrastructure.csproj", "{7853896A-E85D-4876-9E98-CA6582C40608}"
EndProject
Global
	GlobalSection(SolutionConfigurationPlatforms) = preSolution
		Debug|Any CPU = Debug|Any CPU
		Release|Any CPU = Release|Any CPU
	EndGlobalSection
	GlobalSection(ProjectConfigurationPlatforms) = postSolution
		{F0F92CB5-4A33-42EE-B1AC-BAA3E41D1249}.Debug|Any CPU.ActiveCfg = Debug|Any CPU
		{F0F92CB5-4A33-42EE-B1AC-BAA3E41D1249}.Debug|Any CPU.Build.0 = Debug|Any CPU
		{F0F92CB5-4A33-42EE-B1AC-BAA3E41D1249}.Release|Any CPU.ActiveCfg = Release|Any CPU
		{F0F92CB5-4A33-42EE-B1AC-BAA3E41D1249}.Release|Any CPU.Build.0 = Release|Any CPU
		{6354AFF5-D7B3-4598-B02E-87E3A397DD5E}.Debug|Any CPU.ActiveCfg = Debug|Any CPU
		{6354AFF5-D7B3-4598-B02E-87E3A397DD5E}.Debug|Any CPU.Build.0 = Debug|Any CPU
		{6354AFF5-D7B3-4598-B02E-87E3A397DD5E}.Release|Any CPU.ActiveCfg = Release|Any CPU
		{6354AFF5-D7B3-4598-B02E-87E3A397DD5E}.Release|Any CPU.Build.0 = Release|Any CPU
		{A02ADD79-BCBE-45C3-B6E4-E4B33138A4CD}.Debug|Any CPU.ActiveCfg = Debug|Any CPU
		{A02ADD79-BCBE-45C3-B6E4-E4B33138A4CD}.Debug|Any CPU.Build.0 = Debug|Any CPU
		{A02ADD79-BCBE-45C3-B6E4-E4B33138A4CD}.Release|Any CPU.ActiveCfg = Release|Any CPU
		{A02ADD79-BCBE-45C3-B6E4-E4B33138A4CD}.Release|Any CPU.Build.0 = Release|Any CPU
		{32A9EC9C-309E-4A5C-9DF3-76C197EB03BE}.Debug|Any CPU.ActiveCfg = Debug|Any CPU
		{32A9EC9C-309E-4A5C-9DF3-76C197EB03BE}.Debug|Any CPU.Build.0 = Debug|Any CPU
		{32A9EC9C-309E-4A5C-9DF3-76C197EB03BE}.Release|Any CPU.ActiveCfg = Release|Any CPU
		{32A9EC9C-309E-4A5C-9DF3-76C197EB03BE}.Release|Any CPU.Build.0 = Release|Any CPU
		{C5DA3A14-AD50-41E9-920E-29B5B3BC76FB}.Debug|Any CPU.ActiveCfg = Debug|Any CPU
		{C5DA3A14-AD50-41E9-920E-29B5B3BC76FB}.Debug|Any CPU.Build.0 = Debug|Any CPU
		{C5DA3A14-AD50-41E9-920E-29B5B3BC76FB}.Release|Any CPU.ActiveCfg = Release|Any CPU
		{C5DA3A14-AD50-41E9-920E-29B5B3BC76FB}.Release|Any CPU.Build.0 = Release|Any CPU
		{EA8814CB-9256-4CDD-9357-96637C0736B3}.Debug|Any CPU.ActiveCfg = Debug|Any CPU
		{EA8814CB-9256-4CDD-9357-96637C0736B3}.Debug|Any CPU.Build.0 = Debug|Any CPU
		{EA8814CB-9256-4CDD-9357-96637C0736B3}.Release|Any CPU.ActiveCfg = Release|Any CPU
		{EA8814CB-9256-4CDD-9357-96637C0736B3}.Release|Any CPU.Build.0 = Release|Any CPU
		{3BCBA1E5-3262-4781-93C0-7458E7C613D0}.Debug|Any CPU.ActiveCfg = Debug|Any CPU
		{3BCBA1E5-3262-4781-93C0-7458E7C613D0}.Debug|Any CPU.Build.0 = Debug|Any CPU
		{3BCBA1E5-3262-4781-93C0-7458E7C613D0}.Release|Any CPU.ActiveCfg = Release|Any CPU
		{3BCBA1E5-3262-4781-93C0-7458E7C613D0}.Release|Any CPU.Build.0 = Release|Any CPU
		{7853896A-E85D-4876-9E98-CA6582C40608}.Debug|Any CPU.ActiveCfg = Debug|Any CPU
		{7853896A-E85D-4876-9E98-CA6582C40608}.Debug|Any CPU.Build.0 = Debug|Any CPU
		{7853896A-E85D-4876-9E98-CA6582C40608}.Release|Any CPU.ActiveCfg = Release|Any CPU
		{7853896A-E85D-4876-9E98-CA6582C40608}.Release|Any CPU.Build.0 = Release|Any CPU
	EndGlobalSection
	GlobalSection(SolutionProperties) = preSolution
		HideSolutionNode = FALSE
	EndGlobalSection
	GlobalSection(NestedProjects) = preSolution
		{C0BEC6A4-68AB-4291-A60E-424EBE1E3EB3} = {614EA8E6-9C0E-4E19-9340-0C660D6F69C9}
		{70FE158B-C369-40A1-83F1-32F0087E4D3F} = {614EA8E6-9C0E-4E19-9340-0C660D6F69C9}
		{EAD44616-26CB-41A6-9EB5-231E586842B2} = {614EA8E6-9C0E-4E19-9340-0C660D6F69C9}
		{52A6980A-1FE7-4E73-A334-6DCFDB807C9D} = {70FE158B-C369-40A1-83F1-32F0087E4D3F}
		{30535B84-0D3F-40C9-90E8-0FD06B1BC917} = {70FE158B-C369-40A1-83F1-32F0087E4D3F}
		{BDCD6BB4-A1FD-4516-9119-B942D0B504C6} = {70FE158B-C369-40A1-83F1-32F0087E4D3F}
		{7E00E0CF-1C5E-48E0-BC2D-0BF64B20632F} = {70FE158B-C369-40A1-83F1-32F0087E4D3F}
		{6354AFF5-D7B3-4598-B02E-87E3A397DD5E} = {BDCD6BB4-A1FD-4516-9119-B942D0B504C6}
		{A02ADD79-BCBE-45C3-B6E4-E4B33138A4CD} = {52A6980A-1FE7-4E73-A334-6DCFDB807C9D}
		{32A9EC9C-309E-4A5C-9DF3-76C197EB03BE} = {7E00E0CF-1C5E-48E0-BC2D-0BF64B20632F}
		{C5DA3A14-AD50-41E9-920E-29B5B3BC76FB} = {30535B84-0D3F-40C9-90E8-0FD06B1BC917}
		{EA8814CB-9256-4CDD-9357-96637C0736B3} = {30535B84-0D3F-40C9-90E8-0FD06B1BC917}
		{3BCBA1E5-3262-4781-93C0-7458E7C613D0} = {30535B84-0D3F-40C9-90E8-0FD06B1BC917}
		{7853896A-E85D-4876-9E98-CA6582C40608} = {30535B84-0D3F-40C9-90E8-0FD06B1BC917}
	EndGlobalSection
	GlobalSection(ExtensibilityGlobals) = postSolution
		SolutionGuid = {9149BBF1-8C7B-4B5D-9FBC-9C2B66DDE4A3}
	EndGlobalSection
EndGlobal
